github.com/Jleagle/unmarshal-go v0.0.0-20200217225147-fd7db71d9ac0 h1:DYxBI3XK1rB2S6HcBN37F6UpuoM1s7PXniT5rVwn2WU=
github.com/Jleagle/unmarshal-go v0.0.0-20200217225147-fd7db71d9ac0/go.mod h1:ilcgtR3U6eAPVcoKJOG/01kzZH7gaQw1gXM62hUAGHE=
github.com/buger/jsonparser v0.0.0-20191204142016-1a29609e0929 h1:MW/JDk68Rny52yI0M0N+P8lySNgB+NhpI/uAmhgOhUM=
github.com/buger/jsonparser v0.0.0-20191204142016-1a29609e0929/go.mod h1:tgcrVJ81GPSF0mz+0nu1Xaz0fazGPrmmJfJtxjbHhUQ=
github.com/buger/jsonparser v1.0.0 h1:etJTGF5ESxjI0Ic2UaLQs2LQQpa8G9ykQScukbh4L8A=
github.com/buger/jsonparser v1.0.0/go.mod h1:tgcrVJ81GPSF0mz+0nu1Xaz0fazGPrmmJfJtxjbHhUQ=
