github.com/Jleagle/unmarshal-go v0.0.0-20190220084824-1808d9beaef9 h1:9XBNLl2K0jcQTKojALrFctO6AeF3NH2TFv7JjslCjr0=
github.com/Jleagle/unmarshal-go v0.0.0-20190220084824-1808d9beaef9/go.mod h1:uj173bb7OmVLObjyg6vHW/6F5QbA8G51veCJI1tCmpI=
github.com/Jleagle/unmarshal-go v0.0.0-20200116191647-13e1e592d576 h1:nS2D8T/jWrRXCaV8b6WVQSeJ32LwQH0SB1BcH7j87n4=
github.com/Jleagle/unmarshal-go v0.0.0-20200116191647-13e1e592d576/go.mod h1:ilcgtR3U6eAPVcoKJOG/01kzZH7gaQw1gXM62hUAGHE=
github.com/buger/jsonparser v0.0.0-20181115193947-bf1c66bbce23 h1:D21IyuvjDCshj1/qq+pCNd3VZOAEI9jy6Bi131YlXgI=
github.com/buger/jsonparser v0.0.0-20181115193947-bf1c66bbce23/go.mod h1:bbYlZJ7hK1yFx9hf58LP0zeX7UjIGs20ufpu3evjr+s=
github.com/buger/jsonparser v0.0.0-20191204142016-1a29609e0929 h1:MW/JDk68Rny52yI0M0N+P8lySNgB+NhpI/uAmhgOhUM=
github.com/buger/jsonparser v0.0.0-20191204142016-1a29609e0929/go.mod h1:tgcrVJ81GPSF0mz+0nu1Xaz0fazGPrmmJfJtxjbHhUQ=
