github.com/Jleagle/unmarshal-go v0.0.0-20210227002040-694f544f9265 h1:fpSEqYoXEvwmxXxSV0BF9+717wmpKgEiuPYFyX5nfI8=
github.com/Jleagle/unmarshal-go v0.0.0-20210227002040-694f544f9265/go.mod h1:vwJZYoX2R0u86+2pqB/fUZyawS3mBEvlExliJaPuLvA=
github.com/buger/jsonparser v1.1.1 h1:2PnMjfWD7wBILjqQbt530v576A/cAbQvEW9gGIpYMUs=
github.com/buger/jsonparser v1.1.1/go.mod h1:6RYKKt7H4d4+iWqouImQ9R2FZql3VbhNgx27UK13J/0=
